
Microsoft Visual Studio Solution File, Format Version 12.00
# Visual Studio Version 16
VisualStudioVersion = 16.0.30711.63
MinimumVisualStudioVersion = 10.0.40219.1
Project("{FAE04EC0-301F-11D3-BF4B-00C04F79EFBC}") = "simonasBlozisPS01", "simonasBlozisPS01.csproj", "{7643C1A9-3C57-4EA9-A1FC-5807AEA03E1E}"
EndProject
Global
	GlobalSection(SolutionConfigurationPlatforms) = preSolution
		Debug|Any CPU = Debug|Any CPU
		Release|Any CPU = Release|Any CPU
	EndGlobalSection
	GlobalSection(ProjectConfigurationPlatforms) = postSolution
		{7643C1A9-3C57-4EA9-A1FC-5807AEA03E1E}.Debug|Any CPU.ActiveCfg = Debug|Any CPU
		{7643C1A9-3C57-4EA9-A1FC-5807AEA03E1E}.Debug|Any CPU.Build.0 = Debug|Any CPU
		{7643C1A9-3C57-4EA9-A1FC-5807AEA03E1E}.Release|Any CPU.ActiveCfg = Release|Any CPU
		{7643C1A9-3C57-4EA9-A1FC-5807AEA03E1E}.Release|Any CPU.Build.0 = Release|Any CPU
	EndGlobalSection
	GlobalSection(SolutionProperties) = preSolution
		HideSolutionNode = FALSE
	EndGlobalSection
	GlobalSection(ExtensibilityGlobals) = postSolution
		SolutionGuid = {324E657E-1346-4DFE-A052-FE941C34765B}
	EndGlobalSection
EndGlobal
